PODS:
  - Alamofire (5.4.4)
  - Moya/Core (15.0.0):
    - Alamofire (~> 5.0)
  - Moya/RxSwift (15.0.0):
    - Moya/Core
    - RxSwift (~> 6.0)
  - ReactorKit (3.1.0):
    - RxSwift (~> 6.0)
    - WeakMapTable (~> 1.1)
  - RxSwift (6.2.0)
  - WeakMapTable (1.2.0)

DEPENDENCIES:
  - Moya/RxSwift (~> 15.0)
  - ReactorKit

SPEC REPOS:
  trunk:
    - Alamofire
    - Moya
    - ReactorKit
    - RxSwift
    - WeakMapTable

SPEC CHECKSUMS:
  Alamofire: f3b09a368f1582ab751b3fff5460276e0d2cf5c9
  Moya: 138f0573e53411fb3dc17016add0b748dfbd78ee
  ReactorKit: a06dd2a5c9339287aedf3dc821cfab6347eca106
  RxSwift: d356ab7bee873611322f134c5f9ef379fa183d8f
  WeakMapTable: 05c694ce8439a7a9ebabb56187287a63c57673d6

PODFILE CHECKSUM: c97be0c518c406c6e81f6176a048254a12b8c6c6

COCOAPODS: 1.11.2
